
Microsoft Visual Studio Solution File, Format Version 12.00
# Visual Studio Version 17
VisualStudioVersion = 17.5.33627.172
MinimumVisualStudioVersion = 10.0.40219.1
Project("{FAE04EC0-301F-11D3-BF4B-00C04F79EFBC}") = "GPA CALCULATOR", "GPA CALCULATOR.csproj", "{564548BA-FDD5-4A6C-8232-84D531F2A7FE}"
EndProject
Global
	GlobalSection(SolutionConfigurationPlatforms) = preSolution
		Debug|Any CPU = Debug|Any CPU
		Release|Any CPU = Release|Any CPU
	EndGlobalSection
	GlobalSection(ProjectConfigurationPlatforms) = postSolution
		{564548BA-FDD5-4A6C-8232-84D531F2A7FE}.Debug|Any CPU.ActiveCfg = Debug|Any CPU
		{564548BA-FDD5-4A6C-8232-84D531F2A7FE}.Debug|Any CPU.Build.0 = Debug|Any CPU
		{564548BA-FDD5-4A6C-8232-84D531F2A7FE}.Release|Any CPU.ActiveCfg = Release|Any CPU
		{564548BA-FDD5-4A6C-8232-84D531F2A7FE}.Release|Any CPU.Build.0 = Release|Any CPU
	EndGlobalSection
	GlobalSection(SolutionProperties) = preSolution
		HideSolutionNode = FALSE
	EndGlobalSection
	GlobalSection(ExtensibilityGlobals) = postSolution
		SolutionGuid = {74093DE8-729B-42EC-BB15-721E79D09D7B}
	EndGlobalSection
EndGlobal
